{
  "version": 4,
  "terraform_version": "1.3.6",
  "serial": 2,
  "lineage": "fd72fe5d-3116-176a-f287-495958d0115d",
  "outputs": {
    "example": {
      "value": "rg1",
      "type": "string"
    },
    "location": {
      "value": "westeurope",
      "type": "string"
    },
    "resource_group_id": {
      "value": "/subscriptions/b96b31b6-ff0c-4506-8dd1-a4af3f63d700/resourceGroups/rg1",
      "type": "string"
    }
  },
  "resources": [
    {
      "mode": "managed",
      "type": "azurerm_resource_group",
      "name": "example",
      "provider": "provider[\"registry.terraform.io/hashicorp/azurerm\"]",
      "instances": [
        {
          "schema_version": 0,
          "attributes": {
            "id": "/subscriptions/b96b31b6-ff0c-4506-8dd1-a4af3f63d700/resourceGroups/rg1",
            "location": "westeurope",
            "managed_by": "",
            "name": "rg1",
            "tags": null,
            "timeouts": null
          },
          "sensitive_attributes": [],
          "private": "eyJlMmJmYjczMC1lY2FhLTExZTYtOGY4OC0zNDM2M2JjN2M0YzAiOnsiY3JlYXRlIjo1NDAwMDAwMDAwMDAwLCJkZWxldGUiOjU0MDAwMDAwMDAwMDAsInJlYWQiOjMwMDAwMDAwMDAwMCwidXBkYXRlIjo1NDAwMDAwMDAwMDAwfX0="
        }
      ]
    }
  ],
  "check_results": null
}
